
Microsoft Visual Studio Solution File, Format Version 12.00
# Visual Studio Version 16
VisualStudioVersion = 16.0.32602.291
MinimumVisualStudioVersion = 10.0.40219.1
Project("{FAE04EC0-301F-11D3-BF4B-00C04F79EFBC}") = "Method_two_parameters_optional", "Method_two_parameters_optional\Method_two_parameters_optional.csproj", "{B8DEAFA1-BE69-41A6-B3C0-DCA6916506F3}"
EndProject
Global
	GlobalSection(SolutionConfigurationPlatforms) = preSolution
		Debug|Any CPU = Debug|Any CPU
		Release|Any CPU = Release|Any CPU
	EndGlobalSection
	GlobalSection(ProjectConfigurationPlatforms) = postSolution
		{B8DEAFA1-BE69-41A6-B3C0-DCA6916506F3}.Debug|Any CPU.ActiveCfg = Debug|Any CPU
		{B8DEAFA1-BE69-41A6-B3C0-DCA6916506F3}.Debug|Any CPU.Build.0 = Debug|Any CPU
		{B8DEAFA1-BE69-41A6-B3C0-DCA6916506F3}.Release|Any CPU.ActiveCfg = Release|Any CPU
		{B8DEAFA1-BE69-41A6-B3C0-DCA6916506F3}.Release|Any CPU.Build.0 = Release|Any CPU
	EndGlobalSection
	GlobalSection(SolutionProperties) = preSolution
		HideSolutionNode = FALSE
	EndGlobalSection
	GlobalSection(ExtensibilityGlobals) = postSolution
		SolutionGuid = {964CDF52-BCF6-4FD9-A70D-F39AF2390455}
	EndGlobalSection
EndGlobal
