
Microsoft Visual Studio Solution File, Format Version 12.00
# Visual Studio Version 16
VisualStudioVersion = 16.0.32602.291
MinimumVisualStudioVersion = 10.0.40219.1
Project("{FAE04EC0-301F-11D3-BF4B-00C04F79EFBC}") = "Class_Submission_Step_285", "Class_Submission_Step_285\Class_Submission_Step_285.csproj", "{A562DC74-62FC-467B-93E0-6BD99D97C1F1}"
EndProject
Global
	GlobalSection(SolutionConfigurationPlatforms) = preSolution
		Debug|Any CPU = Debug|Any CPU
		Release|Any CPU = Release|Any CPU
	EndGlobalSection
	GlobalSection(ProjectConfigurationPlatforms) = postSolution
		{A562DC74-62FC-467B-93E0-6BD99D97C1F1}.Debug|Any CPU.ActiveCfg = Debug|Any CPU
		{A562DC74-62FC-467B-93E0-6BD99D97C1F1}.Debug|Any CPU.Build.0 = Debug|Any CPU
		{A562DC74-62FC-467B-93E0-6BD99D97C1F1}.Release|Any CPU.ActiveCfg = Release|Any CPU
		{A562DC74-62FC-467B-93E0-6BD99D97C1F1}.Release|Any CPU.Build.0 = Release|Any CPU
	EndGlobalSection
	GlobalSection(SolutionProperties) = preSolution
		HideSolutionNode = FALSE
	EndGlobalSection
	GlobalSection(ExtensibilityGlobals) = postSolution
		SolutionGuid = {124C12B5-B4D5-4587-A322-2CEF3C6649B9}
	EndGlobalSection
EndGlobal
