
Microsoft Visual Studio Solution File, Format Version 12.00
# Visual Studio Version 16
VisualStudioVersion = 16.0.32602.291
MinimumVisualStudioVersion = 10.0.40219.1
Project("{FAE04EC0-301F-11D3-BF4B-00C04F79EFBC}") = "const_var_constructors", "const_var_constructors\const_var_constructors.csproj", "{AE2679E7-B177-4EF7-BAAB-9080048A6136}"
EndProject
Global
	GlobalSection(SolutionConfigurationPlatforms) = preSolution
		Debug|Any CPU = Debug|Any CPU
		Release|Any CPU = Release|Any CPU
	EndGlobalSection
	GlobalSection(ProjectConfigurationPlatforms) = postSolution
		{AE2679E7-B177-4EF7-BAAB-9080048A6136}.Debug|Any CPU.ActiveCfg = Debug|Any CPU
		{AE2679E7-B177-4EF7-BAAB-9080048A6136}.Debug|Any CPU.Build.0 = Debug|Any CPU
		{AE2679E7-B177-4EF7-BAAB-9080048A6136}.Release|Any CPU.ActiveCfg = Release|Any CPU
		{AE2679E7-B177-4EF7-BAAB-9080048A6136}.Release|Any CPU.Build.0 = Release|Any CPU
	EndGlobalSection
	GlobalSection(SolutionProperties) = preSolution
		HideSolutionNode = FALSE
	EndGlobalSection
	GlobalSection(ExtensibilityGlobals) = postSolution
		SolutionGuid = {F2793647-88E7-4E59-8E8A-468A486597B0}
	EndGlobalSection
EndGlobal
